// !$*UTF8*$!
{
	archiveVersion = 1;
	classes = {
	};
	objectVersion = 46;
	objects = {

/* Begin PBXBuildFile section */
		07C69DFA1B298DF600B0C589 /* SourceSansPro-LightItalic.ttf in Resources */ = {isa = PBXBuildFile; fileRef = 07C69DF61B298A7F00B0C589 /* SourceSansPro-LightItalic.ttf */; };
		07F18C5A1B218F610025C097 /* AppDelegate.swift in Sources */ = {isa = PBXBuildFile; fileRef = 07F18C591B218F610025C097 /* AppDelegate.swift */; };
		07F18C5C1B218F610025C097 /* ViewController.swift in Sources */ = {isa = PBXBuildFile; fileRef = 07F18C5B1B218F610025C097 /* ViewController.swift */; };
		07F18C5F1B218F610025C097 /* Main.storyboard in Resources */ = {isa = PBXBuildFile; fileRef = 07F18C5D1B218F610025C097 /* Main.storyboard */; };
		07F18C611B218F610025C097 /* Images.xcassets in Resources */ = {isa = PBXBuildFile; fileRef = 07F18C601B218F610025C097 /* Images.xcassets */; };
		07F18C641B218F610025C097 /* LaunchScreen.xib in Resources */ = {isa = PBXBuildFile; fileRef = 07F18C621B218F610025C097 /* LaunchScreen.xib */; };
		07F18C701B218F610025C097 /* POCUploadFileTests.swift in Sources */ = {isa = PBXBuildFile; fileRef = 07F18C6F1B218F610025C097 /* POCUploadFileTests.swift */; };
		07F18C971B2194EB0025C097 /* SwiftyJSON.framework in Frameworks */ = {isa = PBXBuildFile; fileRef = 07F18C901B2194E00025C097 /* SwiftyJSON.framework */; };
		07F18C981B2194EB0025C097 /* SwiftyJSON.framework in Embed Frameworks */ = {isa = PBXBuildFile; fileRef = 07F18C901B2194E00025C097 /* SwiftyJSON.framework */; settings = {ATTRIBUTES = (CodeSignOnCopy, RemoveHeadersOnCopy, ); }; };
		07F18C9C1B2194F00025C097 /* Alamofire.framework in Frameworks */ = {isa = PBXBuildFile; fileRef = 07F18C811B2194D40025C097 /* Alamofire.framework */; };
		07F18C9D1B2194F00025C097 /* Alamofire.framework in Embed Frameworks */ = {isa = PBXBuildFile; fileRef = 07F18C811B2194D40025C097 /* Alamofire.framework */; settings = {ATTRIBUTES = (CodeSignOnCopy, RemoveHeadersOnCopy, ); }; };
/* End PBXBuildFile section */

/* Begin PBXContainerItemProxy section */
		07F18C6A1B218F610025C097 /* PBXContainerItemProxy */ = {
			isa = PBXContainerItemProxy;
			containerPortal = 07F18C4C1B218F610025C097 /* Project object */;
			proxyType = 1;
			remoteGlobalIDString = 07F18C531B218F610025C097;
			remoteInfo = POCUploadFile;
		};
		07F18C801B2194D40025C097 /* PBXContainerItemProxy */ = {
			isa = PBXContainerItemProxy;
			containerPortal = 07F18C791B2194D40025C097 /* Alamofire.xcodeproj */;
			proxyType = 2;
			remoteGlobalIDString = F8111E3319A95C8B0040E7D1;
			remoteInfo = "Alamofire iOS";
		};
		07F18C821B2194D40025C097 /* PBXContainerItemProxy */ = {
			isa = PBXContainerItemProxy;
			containerPortal = 07F18C791B2194D40025C097 /* Alamofire.xcodeproj */;
			proxyType = 2;
			remoteGlobalIDString = 4DD67C0B1A5C55C900ED2280;
			remoteInfo = "Alamofire OSX";
		};
		07F18C841B2194D40025C097 /* PBXContainerItemProxy */ = {
			isa = PBXContainerItemProxy;
			containerPortal = 07F18C791B2194D40025C097 /* Alamofire.xcodeproj */;
			proxyType = 2;
			remoteGlobalIDString = F8111E3E19A95C8B0040E7D1;
			remoteInfo = "Alamofire iOS Tests";
		};
		07F18C861B2194D40025C097 /* PBXContainerItemProxy */ = {
			isa = PBXContainerItemProxy;
			containerPortal = 07F18C791B2194D40025C097 /* Alamofire.xcodeproj */;
			proxyType = 2;
			remoteGlobalIDString = F829C6B21A7A94F100A2CD59;
			remoteInfo = "Alamofire OSX Tests";
		};
		07F18C8F1B2194E00025C097 /* PBXContainerItemProxy */ = {
			isa = PBXContainerItemProxy;
			containerPortal = 07F18C881B2194DF0025C097 /* SwiftyJSON.xcodeproj */;
			proxyType = 2;
			remoteGlobalIDString = 2E4FEFDB19575BE100351305;
			remoteInfo = "SwiftyJSON iOS";
		};
		07F18C911B2194E00025C097 /* PBXContainerItemProxy */ = {
			isa = PBXContainerItemProxy;
			containerPortal = 07F18C881B2194DF0025C097 /* SwiftyJSON.xcodeproj */;
			proxyType = 2;
			remoteGlobalIDString = 2E4FEFE619575BE100351305;
			remoteInfo = "SwiftyJSON iOS Tests";
		};
		07F18C931B2194E00025C097 /* PBXContainerItemProxy */ = {
			isa = PBXContainerItemProxy;
			containerPortal = 07F18C881B2194DF0025C097 /* SwiftyJSON.xcodeproj */;
			proxyType = 2;
			remoteGlobalIDString = 9C7DFC5B1A9102BD005AA3F7;
			remoteInfo = "SwiftyJSON OSX";
		};
		07F18C951B2194E00025C097 /* PBXContainerItemProxy */ = {
			isa = PBXContainerItemProxy;
			containerPortal = 07F18C881B2194DF0025C097 /* SwiftyJSON.xcodeproj */;
			proxyType = 2;
			remoteGlobalIDString = 9C7DFC651A9102BD005AA3F7;
			remoteInfo = "SwiftyJSON OSX Tests";
		};
		07F18C991B2194EB0025C097 /* PBXContainerItemProxy */ = {
			isa = PBXContainerItemProxy;
			containerPortal = 07F18C881B2194DF0025C097 /* SwiftyJSON.xcodeproj */;
			proxyType = 1;
			remoteGlobalIDString = 2E4FEFDA19575BE100351305;
			remoteInfo = "SwiftyJSON iOS";
		};
		07F18C9E1B2194F00025C097 /* PBXContainerItemProxy */ = {
			isa = PBXContainerItemProxy;
			containerPortal = 07F18C791B2194D40025C097 /* Alamofire.xcodeproj */;
			proxyType = 1;
			remoteGlobalIDString = F8111E3219A95C8B0040E7D1;
			remoteInfo = "Alamofire iOS";
		};
/* End PBXContainerItemProxy section */

/* Begin PBXCopyFilesBuildPhase section */
		07F18C9B1B2194EC0025C097 /* Embed Frameworks */ = {
			isa = PBXCopyFilesBuildPhase;
			buildActionMask = 2147483647;
			dstPath = "";
			dstSubfolderSpec = 10;
			files = (
				07F18C981B2194EB0025C097 /* SwiftyJSON.framework in Embed Frameworks */,
				07F18C9D1B2194F00025C097 /* Alamofire.framework in Embed Frameworks */,
			);
			name = "Embed Frameworks";
			runOnlyForDeploymentPostprocessing = 0;
		};
/* End PBXCopyFilesBuildPhase section */

/* Begin PBXFileReference section */
		07C69DEE1B298A7F00B0C589 /* SourceSansPro-Black.ttf */ = {isa = PBXFileReference; lastKnownFileType = file; path = "SourceSansPro-Black.ttf"; sourceTree = "<group>"; };
		07C69DEF1B298A7F00B0C589 /* SourceSansPro-BlackItalic.ttf */ = {isa = PBXFileReference; lastKnownFileType = file; path = "SourceSansPro-BlackItalic.ttf"; sourceTree = "<group>"; };
		07C69DF01B298A7F00B0C589 /* SourceSansPro-Bold.ttf */ = {isa = PBXFileReference; lastKnownFileType = file; path = "SourceSansPro-Bold.ttf"; sourceTree = "<group>"; };
		07C69DF11B298A7F00B0C589 /* SourceSansPro-BoldItalic.ttf */ = {isa = PBXFileReference; lastKnownFileType = file; path = "SourceSansPro-BoldItalic.ttf"; sourceTree = "<group>"; };
		07C69DF21B298A7F00B0C589 /* SourceSansPro-ExtraLight.ttf */ = {isa = PBXFileReference; lastKnownFileType = file; path = "SourceSansPro-ExtraLight.ttf"; sourceTree = "<group>"; };
		07C69DF31B298A7F00B0C589 /* SourceSansPro-ExtraLightItalic.ttf */ = {isa = PBXFileReference; lastKnownFileType = file; path = "SourceSansPro-ExtraLightItalic.ttf"; sourceTree = "<group>"; };
		07C69DF41B298A7F00B0C589 /* SourceSansPro-Italic.ttf */ = {isa = PBXFileReference; lastKnownFileType = file; path = "SourceSansPro-Italic.ttf"; sourceTree = "<group>"; };
		07C69DF51B298A7F00B0C589 /* SourceSansPro-Light.ttf */ = {isa = PBXFileReference; lastKnownFileType = file; path = "SourceSansPro-Light.ttf"; sourceTree = "<group>"; };
		07C69DF61B298A7F00B0C589 /* SourceSansPro-LightItalic.ttf */ = {isa = PBXFileReference; lastKnownFileType = file; path = "SourceSansPro-LightItalic.ttf"; sourceTree = "<group>"; };
		07C69DF71B298A7F00B0C589 /* SourceSansPro-Regular.ttf */ = {isa = PBXFileReference; lastKnownFileType = file; path = "SourceSansPro-Regular.ttf"; sourceTree = "<group>"; };
		07C69DF81B298A7F00B0C589 /* SourceSansPro-Semibold.ttf */ = {isa = PBXFileReference; lastKnownFileType = file; path = "SourceSansPro-Semibold.ttf"; sourceTree = "<group>"; };
		07C69DF91B298A7F00B0C589 /* SourceSansPro-SemiboldItalic.ttf */ = {isa = PBXFileReference; lastKnownFileType = file; path = "SourceSansPro-SemiboldItalic.ttf"; sourceTree = "<group>"; };
		07F18C541B218F610025C097 /* POCUploadFile.app */ = {isa = PBXFileReference; explicitFileType = wrapper.application; includeInIndex = 0; path = POCUploadFile.app; sourceTree = BUILT_PRODUCTS_DIR; };
		07F18C581B218F610025C097 /* Info.plist */ = {isa = PBXFileReference; lastKnownFileType = text.plist.xml; path = Info.plist; sourceTree = "<group>"; };
		07F18C591B218F610025C097 /* AppDelegate.swift */ = {isa = PBXFileReference; lastKnownFileType = sourcecode.swift; path = AppDelegate.swift; sourceTree = "<group>"; };
		07F18C5B1B218F610025C097 /* ViewController.swift */ = {isa = PBXFileReference; lastKnownFileType = sourcecode.swift; path = ViewController.swift; sourceTree = "<group>"; };
		07F18C5E1B218F610025C097 /* Base */ = {isa = PBXFileReference; lastKnownFileType = file.storyboard; name = Base; path = Base.lproj/Main.storyboard; sourceTree = "<group>"; };
		07F18C601B218F610025C097 /* Images.xcassets */ = {isa = PBXFileReference; lastKnownFileType = folder.assetcatalog; path = Images.xcassets; sourceTree = "<group>"; };
		07F18C631B218F610025C097 /* Base */ = {isa = PBXFileReference; lastKnownFileType = file.xib; name = Base; path = Base.lproj/LaunchScreen.xib; sourceTree = "<group>"; };
		07F18C691B218F610025C097 /* POCUploadFileTests.xctest */ = {isa = PBXFileReference; explicitFileType = wrapper.cfbundle; includeInIndex = 0; path = POCUploadFileTests.xctest; sourceTree = BUILT_PRODUCTS_DIR; };
		07F18C6E1B218F610025C097 /* Info.plist */ = {isa = PBXFileReference; lastKnownFileType = text.plist.xml; path = Info.plist; sourceTree = "<group>"; };
		07F18C6F1B218F610025C097 /* POCUploadFileTests.swift */ = {isa = PBXFileReference; lastKnownFileType = sourcecode.swift; path = POCUploadFileTests.swift; sourceTree = "<group>"; };
		07F18C791B2194D40025C097 /* Alamofire.xcodeproj */ = {isa = PBXFileReference; lastKnownFileType = "wrapper.pb-project"; name = Alamofire.xcodeproj; path = "../Alamofire-master 3/Alamofire.xcodeproj"; sourceTree = "<group>"; };
		07F18C881B2194DF0025C097 /* SwiftyJSON.xcodeproj */ = {isa = PBXFileReference; lastKnownFileType = "wrapper.pb-project"; name = SwiftyJSON.xcodeproj; path = "../SwiftyJSON-master/SwiftyJSON.xcodeproj"; sourceTree = "<group>"; };
/* End PBXFileReference section */

/* Begin PBXFrameworksBuildPhase section */
		07F18C511B218F610025C097 /* Frameworks */ = {
			isa = PBXFrameworksBuildPhase;
			buildActionMask = 2147483647;
			files = (
				07F18C971B2194EB0025C097 /* SwiftyJSON.framework in Frameworks */,
				07F18C9C1B2194F00025C097 /* Alamofire.framework in Frameworks */,
			);
			runOnlyForDeploymentPostprocessing = 0;
		};
		07F18C661B218F610025C097 /* Frameworks */ = {
			isa = PBXFrameworksBuildPhase;
			buildActionMask = 2147483647;
			files = (
			);
			runOnlyForDeploymentPostprocessing = 0;
		};
/* End PBXFrameworksBuildPhase section */

/* Begin PBXGroup section */
		07C69DFB1B298E8000B0C589 /* Fonts */ = {
			isa = PBXGroup;
			children = (
				07C69DEE1B298A7F00B0C589 /* SourceSansPro-Black.ttf */,
				07C69DEF1B298A7F00B0C589 /* SourceSansPro-BlackItalic.ttf */,
				07C69DF01B298A7F00B0C589 /* SourceSansPro-Bold.ttf */,
				07C69DF11B298A7F00B0C589 /* SourceSansPro-BoldItalic.ttf */,
				07C69DF21B298A7F00B0C589 /* SourceSansPro-ExtraLight.ttf */,
				07C69DF31B298A7F00B0C589 /* SourceSansPro-ExtraLightItalic.ttf */,
				07C69DF41B298A7F00B0C589 /* SourceSansPro-Italic.ttf */,
				07C69DF51B298A7F00B0C589 /* SourceSansPro-Light.ttf */,
				07C69DF61B298A7F00B0C589 /* SourceSansPro-LightItalic.ttf */,
				07C69DF71B298A7F00B0C589 /* SourceSansPro-Regular.ttf */,
				07C69DF81B298A7F00B0C589 /* SourceSansPro-Semibold.ttf */,
				07C69DF91B298A7F00B0C589 /* SourceSansPro-SemiboldItalic.ttf */,
			);
			name = Fonts;
			sourceTree = "<group>";
		};
		07F18C4B1B218F610025C097 = {
			isa = PBXGroup;
			children = (
				07F18C881B2194DF0025C097 /* SwiftyJSON.xcodeproj */,
				07F18C791B2194D40025C097 /* Alamofire.xcodeproj */,
				07F18C561B218F610025C097 /* POCUploadFile */,
				07F18C6C1B218F610025C097 /* POCUploadFileTests */,
				07F18C551B218F610025C097 /* Products */,
			);
			sourceTree = "<group>";
		};
		07F18C551B218F610025C097 /* Products */ = {
			isa = PBXGroup;
			children = (
				07F18C541B218F610025C097 /* POCUploadFile.app */,
				07F18C691B218F610025C097 /* POCUploadFileTests.xctest */,
			);
			name = Products;
			sourceTree = "<group>";
		};
		07F18C561B218F610025C097 /* POCUploadFile */ = {
			isa = PBXGroup;
			children = (
				07C69DFB1B298E8000B0C589 /* Fonts */,
				07F18C591B218F610025C097 /* AppDelegate.swift */,
				07F18C5B1B218F610025C097 /* ViewController.swift */,
				07F18C5D1B218F610025C097 /* Main.storyboard */,
				07F18C601B218F610025C097 /* Images.xcassets */,
				07F18C621B218F610025C097 /* LaunchScreen.xib */,
				07F18C571B218F610025C097 /* Supporting Files */,
			);
			path = POCUploadFile;
			sourceTree = "<group>";
		};
		07F18C571B218F610025C097 /* Supporting Files */ = {
			isa = PBXGroup;
			children = (
				07F18C581B218F610025C097 /* Info.plist */,
			);
			name = "Supporting Files";
			sourceTree = "<group>";
		};
		07F18C6C1B218F610025C097 /* POCUploadFileTests */ = {
			isa = PBXGroup;
			children = (
				07F18C6F1B218F610025C097 /* POCUploadFileTests.swift */,
				07F18C6D1B218F610025C097 /* Supporting Files */,
			);
			path = POCUploadFileTests;
			sourceTree = "<group>";
		};
		07F18C6D1B218F610025C097 /* Supporting Files */ = {
			isa = PBXGroup;
			children = (
				07F18C6E1B218F610025C097 /* Info.plist */,
			);
			name = "Supporting Files";
			sourceTree = "<group>";
		};
		07F18C7A1B2194D40025C097 /* Products */ = {
			isa = PBXGroup;
			children = (
				07F18C811B2194D40025C097 /* Alamofire.framework */,
				07F18C831B2194D40025C097 /* Alamofire.framework */,
				07F18C851B2194D40025C097 /* Alamofire iOS Tests.xctest */,
				07F18C871B2194D40025C097 /* Alamofire OSX Tests.xctest */,
			);
			name = Products;
			sourceTree = "<group>";
		};
		07F18C891B2194DF0025C097 /* Products */ = {
			isa = PBXGroup;
			children = (
				07F18C901B2194E00025C097 /* SwiftyJSON.framework */,
				07F18C921B2194E00025C097 /* SwiftyJSON iOS Tests.xctest */,
				07F18C941B2194E00025C097 /* SwiftyJSON.framework */,
				07F18C961B2194E00025C097 /* SwiftyJSON OSX Tests.xctest */,
			);
			name = Products;
			sourceTree = "<group>";
		};
/* End PBXGroup section */

/* Begin PBXNativeTarget section */
		07F18C531B218F610025C097 /* POCUploadFile */ = {
			isa = PBXNativeTarget;
			buildConfigurationList = 07F18C731B218F610025C097 /* Build configuration list for PBXNativeTarget "POCUploadFile" */;
			buildPhases = (
				07F18C501B218F610025C097 /* Sources */,
				07F18C511B218F610025C097 /* Frameworks */,
				07F18C521B218F610025C097 /* Resources */,
				07F18C9B1B2194EC0025C097 /* Embed Frameworks */,
			);
			buildRules = (
			);
			dependencies = (
				07F18C9A1B2194EB0025C097 /* PBXTargetDependency */,
				07F18C9F1B2194F00025C097 /* PBXTargetDependency */,
			);
			name = POCUploadFile;
			productName = POCUploadFile;
			productReference = 07F18C541B218F610025C097 /* POCUploadFile.app */;
			productType = "com.apple.product-type.application";
		};
		07F18C681B218F610025C097 /* POCUploadFileTests */ = {
			isa = PBXNativeTarget;
			buildConfigurationList = 07F18C761B218F610025C097 /* Build configuration list for PBXNativeTarget "POCUploadFileTests" */;
			buildPhases = (
				07F18C651B218F610025C097 /* Sources */,
				07F18C661B218F610025C097 /* Frameworks */,
				07F18C671B218F610025C097 /* Resources */,
			);
			buildRules = (
			);
			dependencies = (
				07F18C6B1B218F610025C097 /* PBXTargetDependency */,
			);
			name = POCUploadFileTests;
			productName = POCUploadFileTests;
			productReference = 07F18C691B218F610025C097 /* POCUploadFileTests.xctest */;
			productType = "com.apple.product-type.bundle.unit-test";
		};
/* End PBXNativeTarget section */

/* Begin PBXProject section */
		07F18C4C1B218F610025C097 /* Project object */ = {
			isa = PBXProject;
			attributes = {
				LastUpgradeCheck = 0630;
				ORGANIZATIONNAME = Fontys;
				TargetAttributes = {
					07F18C531B218F610025C097 = {
						CreatedOnToolsVersion = 6.3.2;
					};
					07F18C681B218F610025C097 = {
						CreatedOnToolsVersion = 6.3.2;
						TestTargetID = 07F18C531B218F610025C097;
					};
				};
			};
			buildConfigurationList = 07F18C4F1B218F610025C097 /* Build configuration list for PBXProject "POCUploadFile" */;
			compatibilityVersion = "Xcode 3.2";
			developmentRegion = English;
			hasScannedForEncodings = 0;
			knownRegions = (
				en,
				Base,
			);
			mainGroup = 07F18C4B1B218F610025C097;
			productRefGroup = 07F18C551B218F610025C097 /* Products */;
			projectDirPath = "";
			projectReferences = (
				{
					ProductGroup = 07F18C7A1B2194D40025C097 /* Products */;
					ProjectRef = 07F18C791B2194D40025C097 /* Alamofire.xcodeproj */;
				},
				{
					ProductGroup = 07F18C891B2194DF0025C097 /* Products */;
					ProjectRef = 07F18C881B2194DF0025C097 /* SwiftyJSON.xcodeproj */;
				},
			);
			projectRoot = "";
			targets = (
				07F18C531B218F610025C097 /* POCUploadFile */,
				07F18C681B218F610025C097 /* POCUploadFileTests */,
			);
		};
/* End PBXProject section */

/* Begin PBXReferenceProxy section */
		07F18C811B2194D40025C097 /* Alamofire.framework */ = {
			isa = PBXReferenceProxy;
			fileType = wrapper.framework;
			path = Alamofire.framework;
			remoteRef = 07F18C801B2194D40025C097 /* PBXContainerItemProxy */;
			sourceTree = BUILT_PRODUCTS_DIR;
		};
		07F18C831B2194D40025C097 /* Alamofire.framework */ = {
			isa = PBXReferenceProxy;
			fileType = wrapper.framework;
			path = Alamofire.framework;
			remoteRef = 07F18C821B2194D40025C097 /* PBXContainerItemProxy */;
			sourceTree = BUILT_PRODUCTS_DIR;
		};
		07F18C851B2194D40025C097 /* Alamofire iOS Tests.xctest */ = {
			isa = PBXReferenceProxy;
			fileType = wrapper.cfbundle;
			path = "Alamofire iOS Tests.xctest";
			remoteRef = 07F18C841B2194D40025C097 /* PBXContainerItemProxy */;
			sourceTree = BUILT_PRODUCTS_DIR;
		};
		07F18C871B2194D40025C097 /* Alamofire OSX Tests.xctest */ = {
			isa = PBXReferenceProxy;
			fileType = wrapper.cfbundle;
			path = "Alamofire OSX Tests.xctest";
			remoteRef = 07F18C861B2194D40025C097 /* PBXContainerItemProxy */;
			sourceTree = BUILT_PRODUCTS_DIR;
		};
		07F18C901B2194E00025C097 /* SwiftyJSON.framework */ = {
			isa = PBXReferenceProxy;
			fileType = wrapper.framework;
			path = SwiftyJSON.framework;
			remoteRef = 07F18C8F1B2194E00025C097 /* PBXContainerItemProxy */;
			sourceTree = BUILT_PRODUCTS_DIR;
		};
		07F18C921B2194E00025C097 /* SwiftyJSON iOS Tests.xctest */ = {
			isa = PBXReferenceProxy;
			fileType = wrapper.cfbundle;
			path = "SwiftyJSON iOS Tests.xctest";
			remoteRef = 07F18C911B2194E00025C097 /* PBXContainerItemProxy */;
			sourceTree = BUILT_PRODUCTS_DIR;
		};
		07F18C941B2194E00025C097 /* SwiftyJSON.framework */ = {
			isa = PBXReferenceProxy;
			fileType = wrapper.framework;
			path = SwiftyJSON.framework;
			remoteRef = 07F18C931B2194E00025C097 /* PBXContainerItemProxy */;
			sourceTree = BUILT_PRODUCTS_DIR;
		};
		07F18C961B2194E00025C097 /* SwiftyJSON OSX Tests.xctest */ = {
			isa = PBXReferenceProxy;
			fileType = wrapper.cfbundle;
			path = "SwiftyJSON OSX Tests.xctest";
			remoteRef = 07F18C951B2194E00025C097 /* PBXContainerItemProxy */;
			sourceTree = BUILT_PRODUCTS_DIR;
		};
/* End PBXReferenceProxy section */

/* Begin PBXResourcesBuildPhase section */
		07F18C521B218F610025C097 /* Resources */ = {
			isa = PBXResourcesBuildPhase;
			buildActionMask = 2147483647;
			files = (
				07F18C5F1B218F610025C097 /* Main.storyboard in Resources */,
				07F18C641B218F610025C097 /* LaunchScreen.xib in Resources */,
				07F18C611B218F610025C097 /* Images.xcassets in Resources */,
				07C69DFA1B298DF600B0C589 /* SourceSansPro-LightItalic.ttf in Resources */,
			);
			runOnlyForDeploymentPostprocessing = 0;
		};
		07F18C671B218F610025C097 /* Resources */ = {
			isa = PBXResourcesBuildPhase;
			buildActionMask = 2147483647;
			files = (
			);
			runOnlyForDeploymentPostprocessing = 0;
		};
/* End PBXResourcesBuildPhase section */

/* Begin PBXSourcesBuildPhase section */
		07F18C501B218F610025C097 /* Sources */ = {
			isa = PBXSourcesBuildPhase;
			buildActionMask = 2147483647;
			files = (
				07F18C5C1B218F610025C097 /* ViewController.swift in Sources */,
				07F18C5A1B218F610025C097 /* AppDelegate.swift in Sources */,
			);
			runOnlyForDeploymentPostprocessing = 0;
		};
		07F18C651B218F610025C097 /* Sources */ = {
			isa = PBXSourcesBuildPhase;
			buildActionMask = 2147483647;
			files = (
				07F18C701B218F610025C097 /* POCUploadFileTests.swift in Sources */,
			);
			runOnlyForDeploymentPostprocessing = 0;
		};
/* End PBXSourcesBuildPhase section */

/* Begin PBXTargetDependency section */
		07F18C6B1B218F610025C097 /* PBXTargetDependency */ = {
			isa = PBXTargetDependency;
			target = 07F18C531B218F610025C097 /* POCUploadFile */;
			targetProxy = 07F18C6A1B218F610025C097 /* PBXContainerItemProxy */;
		};
		07F18C9A1B2194EB0025C097 /* PBXTargetDependency */ = {
			isa = PBXTargetDependency;
			name = "SwiftyJSON iOS";
			targetProxy = 07F18C991B2194EB0025C097 /* PBXContainerItemProxy */;
		};
		07F18C9F1B2194F00025C097 /* PBXTargetDependency */ = {
			isa = PBXTargetDependency;
			name = "Alamofire iOS";
			targetProxy = 07F18C9E1B2194F00025C097 /* PBXContainerItemProxy */;
		};
/* End PBXTargetDependency section */

/* Begin PBXVariantGroup section */
		07F18C5D1B218F610025C097 /* Main.storyboard */ = {
			isa = PBXVariantGroup;
			children = (
				07F18C5E1B218F610025C097 /* Base */,
			);
			name = Main.storyboard;
			sourceTree = "<group>";
		};
		07F18C621B218F610025C097 /* LaunchScreen.xib */ = {
			isa = PBXVariantGroup;
			children = (
				07F18C631B218F610025C097 /* Base */,
			);
			name = LaunchScreen.xib;
			sourceTree = "<group>";
		};
/* End PBXVariantGroup section */

/* Begin XCBuildConfiguration section */
		07F18C711B218F610025C097 /* Debug */ = {
			isa = XCBuildConfiguration;
			buildSettings = {
				ALWAYS_SEARCH_USER_PATHS = NO;
				CLANG_CXX_LANGUAGE_STANDARD = "gnu++0x";
				CLANG_CXX_LIBRARY = "libc++";
				CLANG_ENABLE_MODULES = YES;
				CLANG_ENABLE_OBJC_ARC = YES;
				CLANG_WARN_BOOL_CONVERSION = YES;
				CLANG_WARN_CONSTANT_CONVERSION = YES;
				CLANG_WARN_DIRECT_OBJC_ISA_USAGE = YES_ERROR;
				CLANG_WARN_EMPTY_BODY = YES;
				CLANG_WARN_ENUM_CONVERSION = YES;
				CLANG_WARN_INT_CONVERSION = YES;
				CLANG_WARN_OBJC_ROOT_CLASS = YES_ERROR;
				CLANG_WARN_UNREACHABLE_CODE = YES;
				CLANG_WARN__DUPLICATE_METHOD_MATCH = YES;
				"CODE_SIGN_IDENTITY[sdk=iphoneos*]" = "iPhone Developer";
				COPY_PHASE_STRIP = NO;
				DEBUG_INFORMATION_FORMAT = "dwarf-with-dsym";
				ENABLE_STRICT_OBJC_MSGSEND = YES;
				GCC_C_LANGUAGE_STANDARD = gnu99;
				GCC_DYNAMIC_NO_PIC = NO;
				GCC_NO_COMMON_BLOCKS = YES;
				GCC_OPTIMIZATION_LEVEL = 0;
				GCC_PREPROCESSOR_DEFINITIONS = (
					"DEBUG=1",
					"$(inherited)",
				);
				GCC_SYMBOLS_PRIVATE_EXTERN = NO;
				GCC_WARN_64_TO_32_BIT_CONVERSION = YES;
				GCC_WARN_ABOUT_RETURN_TYPE = YES_ERROR;
				GCC_WARN_UNDECLARED_SELECTOR = YES;
				GCC_WARN_UNINITIALIZED_AUTOS = YES_AGGRESSIVE;
				GCC_WARN_UNUSED_FUNCTION = YES;
				GCC_WARN_UNUSED_VARIABLE = YES;
				IPHONEOS_DEPLOYMENT_TARGET = 8.3;
				MTL_ENABLE_DEBUG_INFO = YES;
				ONLY_ACTIVE_ARCH = YES;
				SDKROOT = iphoneos;
				SWIFT_OPTIMIZATION_LEVEL = "-Onone";
			};
			name = Debug;
		};
		07F18C721B218F610025C097 /* Release */ = {
			isa = XCBuildConfiguration;
			buildSettings = {
				ALWAYS_SEARCH_USER_PATHS = NO;
				CLANG_CXX_LANGUAGE_STANDARD = "gnu++0x";
				CLANG_CXX_LIBRARY = "libc++";
				CLANG_ENABLE_MODULES = YES;
				CLANG_ENABLE_OBJC_ARC = YES;
				CLANG_WARN_BOOL_CONVERSION = YES;
				CLANG_WARN_CONSTANT_CONVERSION = YES;
				CLANG_WARN_DIRECT_OBJC_ISA_USAGE = YES_ERROR;
				CLANG_WARN_EMPTY_BODY = YES;
				CLANG_WARN_ENUM_CONVERSION = YES;
				CLANG_WARN_INT_CONVERSION = YES;
				CLANG_WARN_OBJC_ROOT_CLASS = YES_ERROR;
				CLANG_WARN_UNREACHABLE_CODE = YES;
				CLANG_WARN__DUPLICATE_METHOD_MATCH = YES;
				"CODE_SIGN_IDENTITY[sdk=iphoneos*]" = "iPhone Developer";
				COPY_PHASE_STRIP = NO;
				DEBUG_INFORMATION_FORMAT = "dwarf-with-dsym";
				ENABLE_NS_ASSERTIONS = NO;
				ENABLE_STRICT_OBJC_MSGSEND = YES;
				GCC_C_LANGUAGE_STANDARD = gnu99;
				GCC_NO_COMMON_BLOCKS = YES;
				GCC_WARN_64_TO_32_BIT_CONVERSION = YES;
				GCC_WARN_ABOUT_RETURN_TYPE = YES_ERROR;
				GCC_WARN_UNDECLARED_SELECTOR = YES;
				GCC_WARN_UNINITIALIZED_AUTOS = YES_AGGRESSIVE;
				GCC_WARN_UNUSED_FUNCTION = YES;
				GCC_WARN_UNUSED_VARIABLE = YES;
				IPHONEOS_DEPLOYMENT_TARGET = 8.3;
				MTL_ENABLE_DEBUG_INFO = NO;
				SDKROOT = iphoneos;
				VALIDATE_PRODUCT = YES;
			};
			name = Release;
		};
		07F18C741B218F610025C097 /* Debug */ = {
			isa = XCBuildConfiguration;
			buildSettings = {
				ASSETCATALOG_COMPILER_APPICON_NAME = AppIcon;
				INFOPLIST_FILE = POCUploadFile/Info.plist;
				LD_RUNPATH_SEARCH_PATHS = "$(inherited) @executable_path/Frameworks";
				PRODUCT_NAME = "$(TARGET_NAME)";
			};
			name = Debug;
		};
		07F18C751B218F610025C097 /* Release */ = {
			isa = XCBuildConfiguration;
			buildSettings = {
				ASSETCATALOG_COMPILER_APPICON_NAME = AppIcon;
				INFOPLIST_FILE = POCUploadFile/Info.plist;
				LD_RUNPATH_SEARCH_PATHS = "$(inherited) @executable_path/Frameworks";
				PRODUCT_NAME = "$(TARGET_NAME)";
			};
			name = Release;
		};
		07F18C771B218F610025C097 /* Debug */ = {
			isa = XCBuildConfiguration;
			buildSettings = {
				BUNDLE_LOADER = "$(TEST_HOST)";
				FRAMEWORK_SEARCH_PATHS = (
					"$(SDKROOT)/Developer/Library/Frameworks",
					"$(inherited)",
				);
				GCC_PREPROCESSOR_DEFINITIONS = (
					"DEBUG=1",
					"$(inherited)",
				);
				INFOPLIST_FILE = POCUploadFileTests/Info.plist;
				LD_RUNPATH_SEARCH_PATHS = "$(inherited) @executable_path/Frameworks @loader_path/Frameworks";
				PRODUCT_NAME = "$(TARGET_NAME)";
				TEST_HOST = "$(BUILT_PRODUCTS_DIR)/POCUploadFile.app/POCUploadFile";
			};
			name = Debug;
		};
		07F18C781B218F610025C097 /* Release */ = {
			isa = XCBuildConfiguration;
			buildSettings = {
				BUNDLE_LOADER = "$(TEST_HOST)";
				FRAMEWORK_SEARCH_PATHS = (
					"$(SDKROOT)/Developer/Library/Frameworks",
					"$(inherited)",
				);
				INFOPLIST_FILE = POCUploadFileTests/Info.plist;
				LD_RUNPATH_SEARCH_PATHS = "$(inherited) @executable_path/Frameworks @loader_path/Frameworks";
				PRODUCT_NAME = "$(TARGET_NAME)";
				TEST_HOST = "$(BUILT_PRODUCTS_DIR)/POCUploadFile.app/POCUploadFile";
			};
			name = Release;
		};
/* End XCBuildConfiguration section */

/* Begin XCConfigurationList section */
		07F18C4F1B218F610025C097 /* Build configuration list for PBXProject "POCUploadFile" */ = {
			isa = XCConfigurationList;
			buildConfigurations = (
				07F18C711B218F610025C097 /* Debug */,
				07F18C721B218F610025C097 /* Release */,
			);
			defaultConfigurationIsVisible = 0;
			defaultConfigurationName = Release;
		};
		07F18C731B218F610025C097 /* Build configuration list for PBXNativeTarget "POCUploadFile" */ = {
			isa = XCConfigurationList;
			buildConfigurations = (
				07F18C741B218F610025C097 /* Debug */,
				07F18C751B218F610025C097 /* Release */,
			);
			defaultConfigurationIsVisible = 0;
			defaultConfigurationName = Release;
		};
		07F18C761B218F610025C097 /* Build configuration list for PBXNativeTarget "POCUploadFileTests" */ = {
			isa = XCConfigurationList;
			buildConfigurations = (
				07F18C771B218F610025C097 /* Debug */,
				07F18C781B218F610025C097 /* Release */,
			);
			defaultConfigurationIsVisible = 0;
			defaultConfigurationName = Release;
		};
/* End XCConfigurationList section */
	};
	rootObject = 07F18C4C1B218F610025C097 /* Project object */;
}
